
Microsoft Visual Studio Solution File, Format Version 12.00
# Visual Studio Version 17
VisualStudioVersion = 17.0.31903.59
MinimumVisualStudioVersion = 10.0.40219.1
Project("{2150E333-8FDC-42A3-9474-1A3956D46DE8}") = "PrimeiraAPI", "PrimeiraAPI", "{0976757A-8104-448C-B354-AD5F15BE19F9}"
EndProject
Project("{FAE04EC0-301F-11D3-BF4B-00C04F79EFBC}") = "PrimeiraAPI", "PrimeiraAPI\PrimeiraAPI\PrimeiraAPI.csproj", "{68913A20-7894-4AAE-9161-F7C63E366003}"
EndProject
Global
	GlobalSection(SolutionConfigurationPlatforms) = preSolution
		Debug|Any CPU = Debug|Any CPU
		Release|Any CPU = Release|Any CPU
	EndGlobalSection
	GlobalSection(SolutionProperties) = preSolution
		HideSolutionNode = FALSE
	EndGlobalSection
	GlobalSection(ProjectConfigurationPlatforms) = postSolution
		{68913A20-7894-4AAE-9161-F7C63E366003}.Debug|Any CPU.ActiveCfg = Debug|Any CPU
		{68913A20-7894-4AAE-9161-F7C63E366003}.Debug|Any CPU.Build.0 = Debug|Any CPU
		{68913A20-7894-4AAE-9161-F7C63E366003}.Release|Any CPU.ActiveCfg = Release|Any CPU
		{68913A20-7894-4AAE-9161-F7C63E366003}.Release|Any CPU.Build.0 = Release|Any CPU
	EndGlobalSection
	GlobalSection(NestedProjects) = preSolution
		{68913A20-7894-4AAE-9161-F7C63E366003} = {0976757A-8104-448C-B354-AD5F15BE19F9}
	EndGlobalSection
EndGlobal
